
Microsoft Visual Studio Solution File, Format Version 12.00
# Visual Studio Version 16
VisualStudioVersion = 16.0.31005.135
MinimumVisualStudioVersion = 10.0.40219.1
Project("{FAE04EC0-301F-11D3-BF4B-00C04F79EFBC}") = "at2tri11", "at2tri11\at2tri11.csproj", "{179B9A36-8B53-431E-B006-7E5B2CD217DD}"
EndProject
Global
	GlobalSection(SolutionConfigurationPlatforms) = preSolution
		Debug|Any CPU = Debug|Any CPU
		Release|Any CPU = Release|Any CPU
	EndGlobalSection
	GlobalSection(ProjectConfigurationPlatforms) = postSolution
		{179B9A36-8B53-431E-B006-7E5B2CD217DD}.Debug|Any CPU.ActiveCfg = Debug|Any CPU
		{179B9A36-8B53-431E-B006-7E5B2CD217DD}.Debug|Any CPU.Build.0 = Debug|Any CPU
		{179B9A36-8B53-431E-B006-7E5B2CD217DD}.Release|Any CPU.ActiveCfg = Release|Any CPU
		{179B9A36-8B53-431E-B006-7E5B2CD217DD}.Release|Any CPU.Build.0 = Release|Any CPU
	EndGlobalSection
	GlobalSection(SolutionProperties) = preSolution
		HideSolutionNode = FALSE
	EndGlobalSection
	GlobalSection(ExtensibilityGlobals) = postSolution
		SolutionGuid = {401C550A-19AC-41CD-87DC-F18D2E61722F}
	EndGlobalSection
EndGlobal
